// !$*UTF8*$!
{
	archiveVersion = 1;
	classes = {
	};
	objectVersion = 50;
	objects = {

/* Begin PBXBuildFile section */
		A30963C5290E6E4A002DE2DD /* StandardViewController.swift in Sources */ = {isa = PBXBuildFile; fileRef = A30963C4290E6E4A002DE2DD /* StandardViewController.swift */; };
		A30963C7290F9865002DE2DD /* GridCollectionViewCell.swift in Sources */ = {isa = PBXBuildFile; fileRef = A30963C6290F9865002DE2DD /* GridCollectionViewCell.swift */; };
		A3766C1C28FC21E80037B83C /* AppDelegate.swift in Sources */ = {isa = PBXBuildFile; fileRef = A3766C1B28FC21E80037B83C /* AppDelegate.swift */; };
		A3766C1E28FC21E80037B83C /* SceneDelegate.swift in Sources */ = {isa = PBXBuildFile; fileRef = A3766C1D28FC21E80037B83C /* SceneDelegate.swift */; };
		A3766C2328FC21E80037B83C /* Main.storyboard in Resources */ = {isa = PBXBuildFile; fileRef = A3766C2128FC21E80037B83C /* Main.storyboard */; };
		A3766C2528FC21E90037B83C /* Assets.xcassets in Resources */ = {isa = PBXBuildFile; fileRef = A3766C2428FC21E90037B83C /* Assets.xcassets */; };
		A3766C2828FC21E90037B83C /* LaunchScreen.storyboard in Resources */ = {isa = PBXBuildFile; fileRef = A3766C2628FC21E90037B83C /* LaunchScreen.storyboard */; };
		A3766C3328FC21E90037B83C /* Ecoreco_v2Tests.swift in Sources */ = {isa = PBXBuildFile; fileRef = A3766C3228FC21E90037B83C /* Ecoreco_v2Tests.swift */; };
		A3766C3E28FC21E90037B83C /* Ecoreco_v2UITests.swift in Sources */ = {isa = PBXBuildFile; fileRef = A3766C3D28FC21E90037B83C /* Ecoreco_v2UITests.swift */; };
		A3766C5528FC228F0037B83C /* LoginViewController.swift in Sources */ = {isa = PBXBuildFile; fileRef = A3766C5428FC228F0037B83C /* LoginViewController.swift */; };
		A3766C5728FC22960037B83C /* RegisterViewController.swift in Sources */ = {isa = PBXBuildFile; fileRef = A3766C5628FC22960037B83C /* RegisterViewController.swift */; };
		A3766C5928FC22CA0037B83C /* MyPageViewController.swift in Sources */ = {isa = PBXBuildFile; fileRef = A3766C5828FC22CA0037B83C /* MyPageViewController.swift */; };
		A3766C5B28FC22D30037B83C /* LikesViewController.swift in Sources */ = {isa = PBXBuildFile; fileRef = A3766C5A28FC22D30037B83C /* LikesViewController.swift */; };
		A3766C5E28FC22E10037B83C /* CommunityViewController.swift in Sources */ = {isa = PBXBuildFile; fileRef = A3766C5D28FC22E10037B83C /* CommunityViewController.swift */; };
		A3766C6028FC22E70037B83C /* StoreViewController.swift in Sources */ = {isa = PBXBuildFile; fileRef = A3766C5F28FC22E70037B83C /* StoreViewController.swift */; };
		A3766C6228FC22ED0037B83C /* HomeViewController.swift in Sources */ = {isa = PBXBuildFile; fileRef = A3766C6128FC22ED0037B83C /* HomeViewController.swift */; };
		A3766C6428FC25E60037B83C /* UserInfo.swift in Sources */ = {isa = PBXBuildFile; fileRef = A3766C6328FC25E60037B83C /* UserInfo.swift */; };
		A3766C6628FC261D0037B83C /* UIView+Extension.swift in Sources */ = {isa = PBXBuildFile; fileRef = A3766C6528FC261D0037B83C /* UIView+Extension.swift */; };
		A3766C6828FC266D0037B83C /* UIColor+Extension.swift in Sources */ = {isa = PBXBuildFile; fileRef = A3766C6728FC266D0037B83C /* UIColor+Extension.swift */; };
		A3766C6A28FC27550037B83C /* FirstViewController.swift in Sources */ = {isa = PBXBuildFile; fileRef = A3766C6928FC27550037B83C /* FirstViewController.swift */; };
		A3766C6C28FC27A50037B83C /* IntroViewController.swift in Sources */ = {isa = PBXBuildFile; fileRef = A3766C6B28FC27A50037B83C /* IntroViewController.swift */; };
		A3766C6E28FC44FC0037B83C /* NicknameViewController.swift in Sources */ = {isa = PBXBuildFile; fileRef = A3766C6D28FC44FC0037B83C /* NicknameViewController.swift */; };
		A3766C7028FC45170037B83C /* UserInfoViewController.swift in Sources */ = {isa = PBXBuildFile; fileRef = A3766C6F28FC45170037B83C /* UserInfoViewController.swift */; };
		A3766C7228FC6B150037B83C /* NicknameStruct.swift in Sources */ = {isa = PBXBuildFile; fileRef = A3766C7128FC6B150037B83C /* NicknameStruct.swift */; };
/* End PBXBuildFile section */

/* Begin PBXContainerItemProxy section */
		A3766C2F28FC21E90037B83C /* PBXContainerItemProxy */ = {
			isa = PBXContainerItemProxy;
			containerPortal = A3766C1028FC21E80037B83C /* Project object */;
			proxyType = 1;
			remoteGlobalIDString = A3766C1728FC21E80037B83C;
			remoteInfo = Ecoreco_v2;
		};
		A3766C3A28FC21E90037B83C /* PBXContainerItemProxy */ = {
			isa = PBXContainerItemProxy;
			containerPortal = A3766C1028FC21E80037B83C /* Project object */;
			proxyType = 1;
			remoteGlobalIDString = A3766C1728FC21E80037B83C;
			remoteInfo = Ecoreco_v2;
		};
/* End PBXContainerItemProxy section */

/* Begin PBXFileReference section */
		A30963C4290E6E4A002DE2DD /* StandardViewController.swift */ = {isa = PBXFileReference; lastKnownFileType = sourcecode.swift; path = StandardViewController.swift; sourceTree = "<group>"; };
		A30963C6290F9865002DE2DD /* GridCollectionViewCell.swift */ = {isa = PBXFileReference; lastKnownFileType = sourcecode.swift; path = GridCollectionViewCell.swift; sourceTree = "<group>"; };
		A3766C1828FC21E80037B83C /* Ecoreco_v2.app */ = {isa = PBXFileReference; explicitFileType = wrapper.application; includeInIndex = 0; path = Ecoreco_v2.app; sourceTree = BUILT_PRODUCTS_DIR; };
		A3766C1B28FC21E80037B83C /* AppDelegate.swift */ = {isa = PBXFileReference; lastKnownFileType = sourcecode.swift; path = AppDelegate.swift; sourceTree = "<group>"; };
		A3766C1D28FC21E80037B83C /* SceneDelegate.swift */ = {isa = PBXFileReference; lastKnownFileType = sourcecode.swift; path = SceneDelegate.swift; sourceTree = "<group>"; };
		A3766C2228FC21E80037B83C /* Base */ = {isa = PBXFileReference; lastKnownFileType = file.storyboard; name = Base; path = Base.lproj/Main.storyboard; sourceTree = "<group>"; };
		A3766C2428FC21E90037B83C /* Assets.xcassets */ = {isa = PBXFileReference; lastKnownFileType = folder.assetcatalog; path = Assets.xcassets; sourceTree = "<group>"; };
		A3766C2728FC21E90037B83C /* Base */ = {isa = PBXFileReference; lastKnownFileType = file.storyboard; name = Base; path = Base.lproj/LaunchScreen.storyboard; sourceTree = "<group>"; };
		A3766C2928FC21E90037B83C /* Info.plist */ = {isa = PBXFileReference; lastKnownFileType = text.plist.xml; path = Info.plist; sourceTree = "<group>"; };
		A3766C2E28FC21E90037B83C /* Ecoreco_v2Tests.xctest */ = {isa = PBXFileReference; explicitFileType = wrapper.cfbundle; includeInIndex = 0; path = Ecoreco_v2Tests.xctest; sourceTree = BUILT_PRODUCTS_DIR; };
		A3766C3228FC21E90037B83C /* Ecoreco_v2Tests.swift */ = {isa = PBXFileReference; lastKnownFileType = sourcecode.swift; path = Ecoreco_v2Tests.swift; sourceTree = "<group>"; };
		A3766C3428FC21E90037B83C /* Info.plist */ = {isa = PBXFileReference; lastKnownFileType = text.plist.xml; path = Info.plist; sourceTree = "<group>"; };
		A3766C3928FC21E90037B83C /* Ecoreco_v2UITests.xctest */ = {isa = PBXFileReference; explicitFileType = wrapper.cfbundle; includeInIndex = 0; path = Ecoreco_v2UITests.xctest; sourceTree = BUILT_PRODUCTS_DIR; };
		A3766C3D28FC21E90037B83C /* Ecoreco_v2UITests.swift */ = {isa = PBXFileReference; lastKnownFileType = sourcecode.swift; path = Ecoreco_v2UITests.swift; sourceTree = "<group>"; };
		A3766C3F28FC21E90037B83C /* Info.plist */ = {isa = PBXFileReference; lastKnownFileType = text.plist.xml; path = Info.plist; sourceTree = "<group>"; };
		A3766C5428FC228F0037B83C /* LoginViewController.swift */ = {isa = PBXFileReference; lastKnownFileType = sourcecode.swift; path = LoginViewController.swift; sourceTree = "<group>"; };
		A3766C5628FC22960037B83C /* RegisterViewController.swift */ = {isa = PBXFileReference; lastKnownFileType = sourcecode.swift; path = RegisterViewController.swift; sourceTree = "<group>"; };
		A3766C5828FC22CA0037B83C /* MyPageViewController.swift */ = {isa = PBXFileReference; lastKnownFileType = sourcecode.swift; path = MyPageViewController.swift; sourceTree = "<group>"; };
		A3766C5A28FC22D30037B83C /* LikesViewController.swift */ = {isa = PBXFileReference; lastKnownFileType = sourcecode.swift; path = LikesViewController.swift; sourceTree = "<group>"; };
		A3766C5D28FC22E10037B83C /* CommunityViewController.swift */ = {isa = PBXFileReference; lastKnownFileType = sourcecode.swift; path = CommunityViewController.swift; sourceTree = "<group>"; };
		A3766C5F28FC22E70037B83C /* StoreViewController.swift */ = {isa = PBXFileReference; lastKnownFileType = sourcecode.swift; path = StoreViewController.swift; sourceTree = "<group>"; };
		A3766C6128FC22ED0037B83C /* HomeViewController.swift */ = {isa = PBXFileReference; lastKnownFileType = sourcecode.swift; path = HomeViewController.swift; sourceTree = "<group>"; };
		A3766C6328FC25E60037B83C /* UserInfo.swift */ = {isa = PBXFileReference; lastKnownFileType = sourcecode.swift; path = UserInfo.swift; sourceTree = "<group>"; };
		A3766C6528FC261D0037B83C /* UIView+Extension.swift */ = {isa = PBXFileReference; lastKnownFileType = sourcecode.swift; path = "UIView+Extension.swift"; sourceTree = "<group>"; };
		A3766C6728FC266D0037B83C /* UIColor+Extension.swift */ = {isa = PBXFileReference; lastKnownFileType = sourcecode.swift; path = "UIColor+Extension.swift"; sourceTree = "<group>"; };
		A3766C6928FC27550037B83C /* FirstViewController.swift */ = {isa = PBXFileReference; lastKnownFileType = sourcecode.swift; path = FirstViewController.swift; sourceTree = "<group>"; };
		A3766C6B28FC27A50037B83C /* IntroViewController.swift */ = {isa = PBXFileReference; lastKnownFileType = sourcecode.swift; path = IntroViewController.swift; sourceTree = "<group>"; };
		A3766C6D28FC44FC0037B83C /* NicknameViewController.swift */ = {isa = PBXFileReference; lastKnownFileType = sourcecode.swift; path = NicknameViewController.swift; sourceTree = "<group>"; };
		A3766C6F28FC45170037B83C /* UserInfoViewController.swift */ = {isa = PBXFileReference; lastKnownFileType = sourcecode.swift; path = UserInfoViewController.swift; sourceTree = "<group>"; };
		A3766C7128FC6B150037B83C /* NicknameStruct.swift */ = {isa = PBXFileReference; lastKnownFileType = sourcecode.swift; path = NicknameStruct.swift; sourceTree = "<group>"; };
/* End PBXFileReference section */

/* Begin PBXFrameworksBuildPhase section */
		A3766C1528FC21E80037B83C /* Frameworks */ = {
			isa = PBXFrameworksBuildPhase;
			buildActionMask = 2147483647;
			files = (
			);
			runOnlyForDeploymentPostprocessing = 0;
		};
		A3766C2B28FC21E90037B83C /* Frameworks */ = {
			isa = PBXFrameworksBuildPhase;
			buildActionMask = 2147483647;
			files = (
			);
			runOnlyForDeploymentPostprocessing = 0;
		};
		A3766C3628FC21E90037B83C /* Frameworks */ = {
			isa = PBXFrameworksBuildPhase;
			buildActionMask = 2147483647;
			files = (
			);
			runOnlyForDeploymentPostprocessing = 0;
		};
/* End PBXFrameworksBuildPhase section */

/* Begin PBXGroup section */
		A3766C0F28FC21E80037B83C = {
			isa = PBXGroup;
			children = (
				A3766C1A28FC21E80037B83C /* Ecoreco_v2 */,
				A3766C3128FC21E90037B83C /* Ecoreco_v2Tests */,
				A3766C3C28FC21E90037B83C /* Ecoreco_v2UITests */,
				A3766C1928FC21E80037B83C /* Products */,
			);
			sourceTree = "<group>";
		};
		A3766C1928FC21E80037B83C /* Products */ = {
			isa = PBXGroup;
			children = (
				A3766C1828FC21E80037B83C /* Ecoreco_v2.app */,
				A3766C2E28FC21E90037B83C /* Ecoreco_v2Tests.xctest */,
				A3766C3928FC21E90037B83C /* Ecoreco_v2UITests.xctest */,
			);
			name = Products;
			sourceTree = "<group>";
		};
		A3766C1A28FC21E80037B83C /* Ecoreco_v2 */ = {
			isa = PBXGroup;
			children = (
				A3766C4D28FC21FA0037B83C /* ViewController */,
				A3766C4C28FC21F60037B83C /* View */,
				A3766C4B28FC21F00037B83C /* Source */,
				A3766C2928FC21E90037B83C /* Info.plist */,
			);
			path = Ecoreco_v2;
			sourceTree = "<group>";
		};
		A3766C3128FC21E90037B83C /* Ecoreco_v2Tests */ = {
			isa = PBXGroup;
			children = (
				A3766C3228FC21E90037B83C /* Ecoreco_v2Tests.swift */,
				A3766C3428FC21E90037B83C /* Info.plist */,
			);
			path = Ecoreco_v2Tests;
			sourceTree = "<group>";
		};
		A3766C3C28FC21E90037B83C /* Ecoreco_v2UITests */ = {
			isa = PBXGroup;
			children = (
				A3766C3D28FC21E90037B83C /* Ecoreco_v2UITests.swift */,
				A3766C3F28FC21E90037B83C /* Info.plist */,
			);
			path = Ecoreco_v2UITests;
			sourceTree = "<group>";
		};
		A3766C4B28FC21F00037B83C /* Source */ = {
			isa = PBXGroup;
			children = (
				A3766C2428FC21E90037B83C /* Assets.xcassets */,
				A3766C1B28FC21E80037B83C /* AppDelegate.swift */,
				A3766C1D28FC21E80037B83C /* SceneDelegate.swift */,
				A3766C6328FC25E60037B83C /* UserInfo.swift */,
				A3766C6528FC261D0037B83C /* UIView+Extension.swift */,
				A3766C6728FC266D0037B83C /* UIColor+Extension.swift */,
				A3766C7128FC6B150037B83C /* NicknameStruct.swift */,
			);
			path = Source;
			sourceTree = "<group>";
		};
		A3766C4C28FC21F60037B83C /* View */ = {
			isa = PBXGroup;
			children = (
				A3766C2628FC21E90037B83C /* LaunchScreen.storyboard */,
				A3766C2128FC21E80037B83C /* Main.storyboard */,
			);
			path = View;
			sourceTree = "<group>";
		};
		A3766C4D28FC21FA0037B83C /* ViewController */ = {
			isa = PBXGroup;
			children = (
				A3766C5328FC22860037B83C /* Login */,
				A3766C5228FC22220037B83C /* Mypage */,
				A3766C5128FC22140037B83C /* Likes */,
				A3766C5028FC22080037B83C /* Community */,
				A3766C4F28FC22040037B83C /* Store */,
				A3766C4E28FC21FF0037B83C /* Home */,
			);
			path = ViewController;
			sourceTree = "<group>";
		};
		A3766C4E28FC21FF0037B83C /* Home */ = {
			isa = PBXGroup;
			children = (
				A3766C6128FC22ED0037B83C /* HomeViewController.swift */,
				A30963C4290E6E4A002DE2DD /* StandardViewController.swift */,
			);
			path = Home;
			sourceTree = "<group>";
		};
		A3766C4F28FC22040037B83C /* Store */ = {
			isa = PBXGroup;
			children = (
				A3766C5F28FC22E70037B83C /* StoreViewController.swift */,
				A30963C6290F9865002DE2DD /* GridCollectionViewCell.swift */,
			);
			path = Store;
			sourceTree = "<group>";
		};
		A3766C5028FC22080037B83C /* Community */ = {
			isa = PBXGroup;
			children = (
				A3766C5D28FC22E10037B83C /* CommunityViewController.swift */,
			);
			path = Community;
			sourceTree = "<group>";
		};
		A3766C5128FC22140037B83C /* Likes */ = {
			isa = PBXGroup;
			children = (
				A3766C5A28FC22D30037B83C /* LikesViewController.swift */,
			);
			path = Likes;
			sourceTree = "<group>";
		};
		A3766C5228FC22220037B83C /* Mypage */ = {
			isa = PBXGroup;
			children = (
				A3766C5828FC22CA0037B83C /* MyPageViewController.swift */,
			);
			path = Mypage;
			sourceTree = "<group>";
		};
		A3766C5328FC22860037B83C /* Login */ = {
			isa = PBXGroup;
			children = (
				A3766C5428FC228F0037B83C /* LoginViewController.swift */,
				A3766C5628FC22960037B83C /* RegisterViewController.swift */,
				A3766C6928FC27550037B83C /* FirstViewController.swift */,
				A3766C6B28FC27A50037B83C /* IntroViewController.swift */,
				A3766C6D28FC44FC0037B83C /* NicknameViewController.swift */,
				A3766C6F28FC45170037B83C /* UserInfoViewController.swift */,
			);
			path = Login;
			sourceTree = "<group>";
		};
/* End PBXGroup section */

/* Begin PBXNativeTarget section */
		A3766C1728FC21E80037B83C /* Ecoreco_v2 */ = {
			isa = PBXNativeTarget;
			buildConfigurationList = A3766C4228FC21E90037B83C /* Build configuration list for PBXNativeTarget "Ecoreco_v2" */;
			buildPhases = (
				A3766C1428FC21E80037B83C /* Sources */,
				A3766C1528FC21E80037B83C /* Frameworks */,
				A3766C1628FC21E80037B83C /* Resources */,
			);
			buildRules = (
			);
			dependencies = (
			);
			name = Ecoreco_v2;
			productName = Ecoreco_v2;
			productReference = A3766C1828FC21E80037B83C /* Ecoreco_v2.app */;
			productType = "com.apple.product-type.application";
		};
		A3766C2D28FC21E90037B83C /* Ecoreco_v2Tests */ = {
			isa = PBXNativeTarget;
			buildConfigurationList = A3766C4528FC21E90037B83C /* Build configuration list for PBXNativeTarget "Ecoreco_v2Tests" */;
			buildPhases = (
				A3766C2A28FC21E90037B83C /* Sources */,
				A3766C2B28FC21E90037B83C /* Frameworks */,
				A3766C2C28FC21E90037B83C /* Resources */,
			);
			buildRules = (
			);
			dependencies = (
				A3766C3028FC21E90037B83C /* PBXTargetDependency */,
			);
			name = Ecoreco_v2Tests;
			productName = Ecoreco_v2Tests;
			productReference = A3766C2E28FC21E90037B83C /* Ecoreco_v2Tests.xctest */;
			productType = "com.apple.product-type.bundle.unit-test";
		};
		A3766C3828FC21E90037B83C /* Ecoreco_v2UITests */ = {
			isa = PBXNativeTarget;
			buildConfigurationList = A3766C4828FC21E90037B83C /* Build configuration list for PBXNativeTarget "Ecoreco_v2UITests" */;
			buildPhases = (
				A3766C3528FC21E90037B83C /* Sources */,
				A3766C3628FC21E90037B83C /* Frameworks */,
				A3766C3728FC21E90037B83C /* Resources */,
			);
			buildRules = (
			);
			dependencies = (
				A3766C3B28FC21E90037B83C /* PBXTargetDependency */,
			);
			name = Ecoreco_v2UITests;
			productName = Ecoreco_v2UITests;
			productReference = A3766C3928FC21E90037B83C /* Ecoreco_v2UITests.xctest */;
			productType = "com.apple.product-type.bundle.ui-testing";
		};
/* End PBXNativeTarget section */

/* Begin PBXProject section */
		A3766C1028FC21E80037B83C /* Project object */ = {
			isa = PBXProject;
			attributes = {
				LastSwiftUpdateCheck = 1250;
				LastUpgradeCheck = 1250;
				TargetAttributes = {
					A3766C1728FC21E80037B83C = {
						CreatedOnToolsVersion = 12.5.1;
					};
					A3766C2D28FC21E90037B83C = {
						CreatedOnToolsVersion = 12.5.1;
						TestTargetID = A3766C1728FC21E80037B83C;
					};
					A3766C3828FC21E90037B83C = {
						CreatedOnToolsVersion = 12.5.1;
						TestTargetID = A3766C1728FC21E80037B83C;
					};
				};
			};
			buildConfigurationList = A3766C1328FC21E80037B83C /* Build configuration list for PBXProject "Ecoreco_v2" */;
			compatibilityVersion = "Xcode 9.3";
			developmentRegion = en;
			hasScannedForEncodings = 0;
			knownRegions = (
				en,
				Base,
			);
			mainGroup = A3766C0F28FC21E80037B83C;
			productRefGroup = A3766C1928FC21E80037B83C /* Products */;
			projectDirPath = "";
			projectRoot = "";
			targets = (
				A3766C1728FC21E80037B83C /* Ecoreco_v2 */,
				A3766C2D28FC21E90037B83C /* Ecoreco_v2Tests */,
				A3766C3828FC21E90037B83C /* Ecoreco_v2UITests */,
			);
		};
/* End PBXProject section */

/* Begin PBXResourcesBuildPhase section */
		A3766C1628FC21E80037B83C /* Resources */ = {
			isa = PBXResourcesBuildPhase;
			buildActionMask = 2147483647;
			files = (
				A3766C2828FC21E90037B83C /* LaunchScreen.storyboard in Resources */,
				A3766C2528FC21E90037B83C /* Assets.xcassets in Resources */,
				A3766C2328FC21E80037B83C /* Main.storyboard in Resources */,
			);
			runOnlyForDeploymentPostprocessing = 0;
		};
		A3766C2C28FC21E90037B83C /* Resources */ = {
			isa = PBXResourcesBuildPhase;
			buildActionMask = 2147483647;
			files = (
			);
			runOnlyForDeploymentPostprocessing = 0;
		};
		A3766C3728FC21E90037B83C /* Resources */ = {
			isa = PBXResourcesBuildPhase;
			buildActionMask = 2147483647;
			files = (
			);
			runOnlyForDeploymentPostprocessing = 0;
		};
/* End PBXResourcesBuildPhase section */

/* Begin PBXSourcesBuildPhase section */
		A3766C1428FC21E80037B83C /* Sources */ = {
			isa = PBXSourcesBuildPhase;
			buildActionMask = 2147483647;
			files = (
				A3766C6628FC261D0037B83C /* UIView+Extension.swift in Sources */,
				A3766C7028FC45170037B83C /* UserInfoViewController.swift in Sources */,
				A3766C7228FC6B150037B83C /* NicknameStruct.swift in Sources */,
				A3766C6E28FC44FC0037B83C /* NicknameViewController.swift in Sources */,
				A3766C6028FC22E70037B83C /* StoreViewController.swift in Sources */,
				A3766C5928FC22CA0037B83C /* MyPageViewController.swift in Sources */,
				A3766C6828FC266D0037B83C /* UIColor+Extension.swift in Sources */,
				A3766C5528FC228F0037B83C /* LoginViewController.swift in Sources */,
				A3766C6A28FC27550037B83C /* FirstViewController.swift in Sources */,
				A30963C7290F9865002DE2DD /* GridCollectionViewCell.swift in Sources */,
				A3766C1C28FC21E80037B83C /* AppDelegate.swift in Sources */,
				A3766C1E28FC21E80037B83C /* SceneDelegate.swift in Sources */,
				A3766C6228FC22ED0037B83C /* HomeViewController.swift in Sources */,
				A3766C6C28FC27A50037B83C /* IntroViewController.swift in Sources */,
				A3766C5728FC22960037B83C /* RegisterViewController.swift in Sources */,
				A3766C5B28FC22D30037B83C /* LikesViewController.swift in Sources */,
				A30963C5290E6E4A002DE2DD /* StandardViewController.swift in Sources */,
				A3766C6428FC25E60037B83C /* UserInfo.swift in Sources */,
				A3766C5E28FC22E10037B83C /* CommunityViewController.swift in Sources */,
			);
			runOnlyForDeploymentPostprocessing = 0;
		};
		A3766C2A28FC21E90037B83C /* Sources */ = {
			isa = PBXSourcesBuildPhase;
			buildActionMask = 2147483647;
			files = (
				A3766C3328FC21E90037B83C /* Ecoreco_v2Tests.swift in Sources */,
			);
			runOnlyForDeploymentPostprocessing = 0;
		};
		A3766C3528FC21E90037B83C /* Sources */ = {
			isa = PBXSourcesBuildPhase;
			buildActionMask = 2147483647;
			files = (
				A3766C3E28FC21E90037B83C /* Ecoreco_v2UITests.swift in Sources */,
			);
			runOnlyForDeploymentPostprocessing = 0;
		};
/* End PBXSourcesBuildPhase section */

/* Begin PBXTargetDependency section */
		A3766C3028FC21E90037B83C /* PBXTargetDependency */ = {
			isa = PBXTargetDependency;
			target = A3766C1728FC21E80037B83C /* Ecoreco_v2 */;
			targetProxy = A3766C2F28FC21E90037B83C /* PBXContainerItemProxy */;
		};
		A3766C3B28FC21E90037B83C /* PBXTargetDependency */ = {
			isa = PBXTargetDependency;
			target = A3766C1728FC21E80037B83C /* Ecoreco_v2 */;
			targetProxy = A3766C3A28FC21E90037B83C /* PBXContainerItemProxy */;
		};
/* End PBXTargetDependency section */

/* Begin PBXVariantGroup section */
		A3766C2128FC21E80037B83C /* Main.storyboard */ = {
			isa = PBXVariantGroup;
			children = (
				A3766C2228FC21E80037B83C /* Base */,
			);
			name = Main.storyboard;
			sourceTree = "<group>";
		};
		A3766C2628FC21E90037B83C /* LaunchScreen.storyboard */ = {
			isa = PBXVariantGroup;
			children = (
				A3766C2728FC21E90037B83C /* Base */,
			);
			name = LaunchScreen.storyboard;
			sourceTree = "<group>";
		};
/* End PBXVariantGroup section */

/* Begin XCBuildConfiguration section */
		A3766C4028FC21E90037B83C /* Debug */ = {
			isa = XCBuildConfiguration;
			buildSettings = {
				ALWAYS_SEARCH_USER_PATHS = NO;
				CLANG_ANALYZER_NONNULL = YES;
				CLANG_ANALYZER_NUMBER_OBJECT_CONVERSION = YES_AGGRESSIVE;
				CLANG_CXX_LANGUAGE_STANDARD = "gnu++14";
				CLANG_CXX_LIBRARY = "libc++";
				CLANG_ENABLE_MODULES = YES;
				CLANG_ENABLE_OBJC_ARC = YES;
				CLANG_ENABLE_OBJC_WEAK = YES;
				CLANG_WARN_BLOCK_CAPTURE_AUTORELEASING = YES;
				CLANG_WARN_BOOL_CONVERSION = YES;
				CLANG_WARN_COMMA = YES;
				CLANG_WARN_CONSTANT_CONVERSION = YES;
				CLANG_WARN_DEPRECATED_OBJC_IMPLEMENTATIONS = YES;
				CLANG_WARN_DIRECT_OBJC_ISA_USAGE = YES_ERROR;
				CLANG_WARN_DOCUMENTATION_COMMENTS = YES;
				CLANG_WARN_EMPTY_BODY = YES;
				CLANG_WARN_ENUM_CONVERSION = YES;
				CLANG_WARN_INFINITE_RECURSION = YES;
				CLANG_WARN_INT_CONVERSION = YES;
				CLANG_WARN_NON_LITERAL_NULL_CONVERSION = YES;
				CLANG_WARN_OBJC_IMPLICIT_RETAIN_SELF = YES;
				CLANG_WARN_OBJC_LITERAL_CONVERSION = YES;
				CLANG_WARN_OBJC_ROOT_CLASS = YES_ERROR;
				CLANG_WARN_QUOTED_INCLUDE_IN_FRAMEWORK_HEADER = YES;
				CLANG_WARN_RANGE_LOOP_ANALYSIS = YES;
				CLANG_WARN_STRICT_PROTOTYPES = YES;
				CLANG_WARN_SUSPICIOUS_MOVE = YES;
				CLANG_WARN_UNGUARDED_AVAILABILITY = YES_AGGRESSIVE;
				CLANG_WARN_UNREACHABLE_CODE = YES;
				CLANG_WARN__DUPLICATE_METHOD_MATCH = YES;
				COPY_PHASE_STRIP = NO;
				DEBUG_INFORMATION_FORMAT = dwarf;
				ENABLE_STRICT_OBJC_MSGSEND = YES;
				ENABLE_TESTABILITY = YES;
				GCC_C_LANGUAGE_STANDARD = gnu11;
				GCC_DYNAMIC_NO_PIC = NO;
				GCC_NO_COMMON_BLOCKS = YES;
				GCC_OPTIMIZATION_LEVEL = 0;
				GCC_PREPROCESSOR_DEFINITIONS = (
					"DEBUG=1",
					"$(inherited)",
				);
				GCC_WARN_64_TO_32_BIT_CONVERSION = YES;
				GCC_WARN_ABOUT_RETURN_TYPE = YES_ERROR;
				GCC_WARN_UNDECLARED_SELECTOR = YES;
				GCC_WARN_UNINITIALIZED_AUTOS = YES_AGGRESSIVE;
				GCC_WARN_UNUSED_FUNCTION = YES;
				GCC_WARN_UNUSED_VARIABLE = YES;
				IPHONEOS_DEPLOYMENT_TARGET = 14.5;
				MTL_ENABLE_DEBUG_INFO = INCLUDE_SOURCE;
				MTL_FAST_MATH = YES;
				ONLY_ACTIVE_ARCH = YES;
				SDKROOT = iphoneos;
				SWIFT_ACTIVE_COMPILATION_CONDITIONS = DEBUG;
				SWIFT_OPTIMIZATION_LEVEL = "-Onone";
			};
			name = Debug;
		};
		A3766C4128FC21E90037B83C /* Release */ = {
			isa = XCBuildConfiguration;
			buildSettings = {
				ALWAYS_SEARCH_USER_PATHS = NO;
				CLANG_ANALYZER_NONNULL = YES;
				CLANG_ANALYZER_NUMBER_OBJECT_CONVERSION = YES_AGGRESSIVE;
				CLANG_CXX_LANGUAGE_STANDARD = "gnu++14";
				CLANG_CXX_LIBRARY = "libc++";
				CLANG_ENABLE_MODULES = YES;
				CLANG_ENABLE_OBJC_ARC = YES;
				CLANG_ENABLE_OBJC_WEAK = YES;
				CLANG_WARN_BLOCK_CAPTURE_AUTORELEASING = YES;
				CLANG_WARN_BOOL_CONVERSION = YES;
				CLANG_WARN_COMMA = YES;
				CLANG_WARN_CONSTANT_CONVERSION = YES;
				CLANG_WARN_DEPRECATED_OBJC_IMPLEMENTATIONS = YES;
				CLANG_WARN_DIRECT_OBJC_ISA_USAGE = YES_ERROR;
				CLANG_WARN_DOCUMENTATION_COMMENTS = YES;
				CLANG_WARN_EMPTY_BODY = YES;
				CLANG_WARN_ENUM_CONVERSION = YES;
				CLANG_WARN_INFINITE_RECURSION = YES;
				CLANG_WARN_INT_CONVERSION = YES;
				CLANG_WARN_NON_LITERAL_NULL_CONVERSION = YES;
				CLANG_WARN_OBJC_IMPLICIT_RETAIN_SELF = YES;
				CLANG_WARN_OBJC_LITERAL_CONVERSION = YES;
				CLANG_WARN_OBJC_ROOT_CLASS = YES_ERROR;
				CLANG_WARN_QUOTED_INCLUDE_IN_FRAMEWORK_HEADER = YES;
				CLANG_WARN_RANGE_LOOP_ANALYSIS = YES;
				CLANG_WARN_STRICT_PROTOTYPES = YES;
				CLANG_WARN_SUSPICIOUS_MOVE = YES;
				CLANG_WARN_UNGUARDED_AVAILABILITY = YES_AGGRESSIVE;
				CLANG_WARN_UNREACHABLE_CODE = YES;
				CLANG_WARN__DUPLICATE_METHOD_MATCH = YES;
				COPY_PHASE_STRIP = NO;
				DEBUG_INFORMATION_FORMAT = "dwarf-with-dsym";
				ENABLE_NS_ASSERTIONS = NO;
				ENABLE_STRICT_OBJC_MSGSEND = YES;
				GCC_C_LANGUAGE_STANDARD = gnu11;
				GCC_NO_COMMON_BLOCKS = YES;
				GCC_WARN_64_TO_32_BIT_CONVERSION = YES;
				GCC_WARN_ABOUT_RETURN_TYPE = YES_ERROR;
				GCC_WARN_UNDECLARED_SELECTOR = YES;
				GCC_WARN_UNINITIALIZED_AUTOS = YES_AGGRESSIVE;
				GCC_WARN_UNUSED_FUNCTION = YES;
				GCC_WARN_UNUSED_VARIABLE = YES;
				IPHONEOS_DEPLOYMENT_TARGET = 14.5;
				MTL_ENABLE_DEBUG_INFO = NO;
				MTL_FAST_MATH = YES;
				SDKROOT = iphoneos;
				SWIFT_COMPILATION_MODE = wholemodule;
				SWIFT_OPTIMIZATION_LEVEL = "-O";
				VALIDATE_PRODUCT = YES;
			};
			name = Release;
		};
		A3766C4328FC21E90037B83C /* Debug */ = {
			isa = XCBuildConfiguration;
			buildSettings = {
				ASSETCATALOG_COMPILER_APPICON_NAME = AppIcon;
				ASSETCATALOG_COMPILER_GLOBAL_ACCENT_COLOR_NAME = AccentColor;
				CODE_SIGN_STYLE = Automatic;
				DEVELOPMENT_TEAM = DAT8RM3FPB;
				INFOPLIST_FILE = Ecoreco_v2/Info.plist;
				LD_RUNPATH_SEARCH_PATHS = (
					"$(inherited)",
					"@executable_path/Frameworks",
				);
				PRODUCT_BUNDLE_IDENTIFIER = "Tema.Ecoreco-v2";
				PRODUCT_NAME = "$(TARGET_NAME)";
				SWIFT_VERSION = 5.0;
				TARGETED_DEVICE_FAMILY = "1,2";
			};
			name = Debug;
		};
		A3766C4428FC21E90037B83C /* Release */ = {
			isa = XCBuildConfiguration;
			buildSettings = {
				ASSETCATALOG_COMPILER_APPICON_NAME = AppIcon;
				ASSETCATALOG_COMPILER_GLOBAL_ACCENT_COLOR_NAME = AccentColor;
				CODE_SIGN_STYLE = Automatic;
				DEVELOPMENT_TEAM = DAT8RM3FPB;
				INFOPLIST_FILE = Ecoreco_v2/Info.plist;
				LD_RUNPATH_SEARCH_PATHS = (
					"$(inherited)",
					"@executable_path/Frameworks",
				);
				PRODUCT_BUNDLE_IDENTIFIER = "Tema.Ecoreco-v2";
				PRODUCT_NAME = "$(TARGET_NAME)";
				SWIFT_VERSION = 5.0;
				TARGETED_DEVICE_FAMILY = "1,2";
			};
			name = Release;
		};
		A3766C4628FC21E90037B83C /* Debug */ = {
			isa = XCBuildConfiguration;
			buildSettings = {
				ALWAYS_EMBED_SWIFT_STANDARD_LIBRARIES = YES;
				BUNDLE_LOADER = "$(TEST_HOST)";
				CODE_SIGN_STYLE = Automatic;
				DEVELOPMENT_TEAM = DAT8RM3FPB;
				INFOPLIST_FILE = Ecoreco_v2Tests/Info.plist;
				IPHONEOS_DEPLOYMENT_TARGET = 14.5;
				LD_RUNPATH_SEARCH_PATHS = (
					"$(inherited)",
					"@executable_path/Frameworks",
					"@loader_path/Frameworks",
				);
				PRODUCT_BUNDLE_IDENTIFIER = "Tema.Ecoreco-v2Tests";
				PRODUCT_NAME = "$(TARGET_NAME)";
				SWIFT_VERSION = 5.0;
				TARGETED_DEVICE_FAMILY = "1,2";
				TEST_HOST = "$(BUILT_PRODUCTS_DIR)/Ecoreco_v2.app/Ecoreco_v2";
			};
			name = Debug;
		};
		A3766C4728FC21E90037B83C /* Release */ = {
			isa = XCBuildConfiguration;
			buildSettings = {
				ALWAYS_EMBED_SWIFT_STANDARD_LIBRARIES = YES;
				BUNDLE_LOADER = "$(TEST_HOST)";
				CODE_SIGN_STYLE = Automatic;
				DEVELOPMENT_TEAM = DAT8RM3FPB;
				INFOPLIST_FILE = Ecoreco_v2Tests/Info.plist;
				IPHONEOS_DEPLOYMENT_TARGET = 14.5;
				LD_RUNPATH_SEARCH_PATHS = (
					"$(inherited)",
					"@executable_path/Frameworks",
					"@loader_path/Frameworks",
				);
				PRODUCT_BUNDLE_IDENTIFIER = "Tema.Ecoreco-v2Tests";
				PRODUCT_NAME = "$(TARGET_NAME)";
				SWIFT_VERSION = 5.0;
				TARGETED_DEVICE_FAMILY = "1,2";
				TEST_HOST = "$(BUILT_PRODUCTS_DIR)/Ecoreco_v2.app/Ecoreco_v2";
			};
			name = Release;
		};
		A3766C4928FC21E90037B83C /* Debug */ = {
			isa = XCBuildConfiguration;
			buildSettings = {
				ALWAYS_EMBED_SWIFT_STANDARD_LIBRARIES = YES;
				CODE_SIGN_STYLE = Automatic;
				DEVELOPMENT_TEAM = DAT8RM3FPB;
				INFOPLIST_FILE = Ecoreco_v2UITests/Info.plist;
				LD_RUNPATH_SEARCH_PATHS = (
					"$(inherited)",
					"@executable_path/Frameworks",
					"@loader_path/Frameworks",
				);
				PRODUCT_BUNDLE_IDENTIFIER = "Tema.Ecoreco-v2UITests";
				PRODUCT_NAME = "$(TARGET_NAME)";
				SWIFT_VERSION = 5.0;
				TARGETED_DEVICE_FAMILY = "1,2";
				TEST_TARGET_NAME = Ecoreco_v2;
			};
			name = Debug;
		};
		A3766C4A28FC21E90037B83C /* Release */ = {
			isa = XCBuildConfiguration;
			buildSettings = {
				ALWAYS_EMBED_SWIFT_STANDARD_LIBRARIES = YES;
				CODE_SIGN_STYLE = Automatic;
				DEVELOPMENT_TEAM = DAT8RM3FPB;
				INFOPLIST_FILE = Ecoreco_v2UITests/Info.plist;
				LD_RUNPATH_SEARCH_PATHS = (
					"$(inherited)",
					"@executable_path/Frameworks",
					"@loader_path/Frameworks",
				);
				PRODUCT_BUNDLE_IDENTIFIER = "Tema.Ecoreco-v2UITests";
				PRODUCT_NAME = "$(TARGET_NAME)";
				SWIFT_VERSION = 5.0;
				TARGETED_DEVICE_FAMILY = "1,2";
				TEST_TARGET_NAME = Ecoreco_v2;
			};
			name = Release;
		};
/* End XCBuildConfiguration section */

/* Begin XCConfigurationList section */
		A3766C1328FC21E80037B83C /* Build configuration list for PBXProject "Ecoreco_v2" */ = {
			isa = XCConfigurationList;
			buildConfigurations = (
				A3766C4028FC21E90037B83C /* Debug */,
				A3766C4128FC21E90037B83C /* Release */,
			);
			defaultConfigurationIsVisible = 0;
			defaultConfigurationName = Release;
		};
		A3766C4228FC21E90037B83C /* Build configuration list for PBXNativeTarget "Ecoreco_v2" */ = {
			isa = XCConfigurationList;
			buildConfigurations = (
				A3766C4328FC21E90037B83C /* Debug */,
				A3766C4428FC21E90037B83C /* Release */,
			);
			defaultConfigurationIsVisible = 0;
			defaultConfigurationName = Release;
		};
		A3766C4528FC21E90037B83C /* Build configuration list for PBXNativeTarget "Ecoreco_v2Tests" */ = {
			isa = XCConfigurationList;
			buildConfigurations = (
				A3766C4628FC21E90037B83C /* Debug */,
				A3766C4728FC21E90037B83C /* Release */,
			);
			defaultConfigurationIsVisible = 0;
			defaultConfigurationName = Release;
		};
		A3766C4828FC21E90037B83C /* Build configuration list for PBXNativeTarget "Ecoreco_v2UITests" */ = {
			isa = XCConfigurationList;
			buildConfigurations = (
				A3766C4928FC21E90037B83C /* Debug */,
				A3766C4A28FC21E90037B83C /* Release */,
			);
			defaultConfigurationIsVisible = 0;
			defaultConfigurationName = Release;
		};
/* End XCConfigurationList section */
	};
	rootObject = A3766C1028FC21E80037B83C /* Project object */;
}
